GEM
  remote: https://rubygems.org/
  specs:
    bigdecimal (4.0.1)
    csv (3.3.5)
    httparty (0.24.2)
      csv
      mini_mime (>= 1.0.0)
      multi_xml (>= 0.5.2)
    language_server-protocol (3.17.0.1)
    mini_mime (1.1.5)
    mini_portile2 (2.8.9)
    multi_xml (0.8.1)
      bigdecimal (>= 3.1, < 5)
    nokogiri (1.13.9)
      mini_portile2 (~> 2.8.0)
      racc (~> 1.4)
    pg (1.4.5)
    pg (1.4.5-x64-mingw-ucrt)
    prettier_print (1.1.0)
    racc (1.6.0)
    ruby-lsp (0.3.6)
      language_server-protocol (~> 3.17.0)
      sorbet-runtime
      syntax_tree (>= 4.0.2, < 5.0.0)
    sorbet-runtime (0.5.10564)
    sqlite3 (2.9.1-aarch64-linux-gnu)
    sqlite3 (2.9.1-x64-mingw-ucrt)
    syntax_tree (4.3.0)
      prettier_print (>= 1.0.2)

PLATFORMS
  aarch64-linux
  x64-mingw-ucrt

DEPENDENCIES
  httparty
  nokogiri
  pg
  ruby-lsp (~> 0.3.6)
  sqlite3

BUNDLED WITH
   2.3.7
